# This file is autogenerated, do not edit; changes may be undone by the next 'dep ensure'.


[[projects]]
  name = "github.com/Sirupsen/logrus"
  packages = ["."]
  revision = "3ec0642a7fb6488f65b06f9040adc67e3990296a"

[[projects]]
  name = "github.com/docker/distribution"
  packages = [".","context","digest","manifest","manifest/schema1","manifest/schema2","reference","uuid"]
  revision = "99cb7c0946d2f5a38015443e515dc916295064d7"

[[projects]]
  branch = "master"
  name = "github.com/docker/libtrust"
  packages = ["."]
  revision = "aabc10ec26b754e797f9028f4589c5b7bd90dc20"

[[projects]]
  branch = "master"
  name = "github.com/gorilla/context"
  packages = ["."]
  revision = "08b5f424b9271eedf6f9f0ce86cb9396ed337a42"

[[projects]]
  name = "github.com/gorilla/mux"
  packages = ["."]
  revision = "0a192a193177452756c362c20087ddafcf6829c4"

[[projects]]
  name = "golang.org/x/net"
  packages = ["context"]
  revision = "a333c534c871727fb95745870e8b98a69447f2ce"

[[projects]]
  branch = "master"
  name = "golang.org/x/sys"
  packages = ["unix"]
  revision = "8dbc5d05d6edcc104950cc299a1ce6641235bc86"

[solve-meta]
  analyzer-name = "dep"
  analyzer-version = 1
  inputs-digest = "24c70cad8ff482e3885acb941ea085b887232b12fc1187b870b67e95380d9e1e"
  solver-name = "gps-cdcl"
  solver-version = 1
